<?xml version="1.0" encoding="UTF-8"?>
<!DOCTYPE plist PUBLIC "-//Apple//DTD PLIST 1.0//EN" "http://www.apple.com/DTDs/PropertyList-1.0.dtd">
<plist version="1.0">
<dict>
	<key>BuildNumber</key>
	<string>430000124</string>
	<key>BundleIdentifier</key>
	<string>com.barebones.bbedit</string>
	<key>HostIdentifier</key>
	<string>9F610A14-81E3-571C-B8D0-7A52AF7F4476</string>
	<key>HostName</key>
	<string>Alonzo’s MacBook Air</string>
	<key>LockDate</key>
	<date>2026-03-20T18:41:47Z</date>
	<key>LockID</key>
	<string>55EF3821-0302-46C1-B404-31E8552BBBBD</string>
	<key>MarketingVersion</key>
	<string>15.5.5</string>
	<key>NetworkVolume</key>
	<false/>
	<key>ProcessIdentifier</key>
	<integer>23347</integer>
	<key>UserName</key>
	<string>alonzoburtonii</string>
	<key>Version</key>
	<integer>3</integer>
	<key>VolumeIdentifier</key>
	<string>F30AE47F-C67D-40D0-AF2E-5B5E61A326FC</string>
</dict>
</plist>
